
Microsoft Visual Studio Solution File, Format Version 12.00
# Visual Studio 15
VisualStudioVersion = 15.0.28307.1585
MinimumVisualStudioVersion = 10.0.40219.1
Project("{8BC9CEB8-8B4A-11D0-8D11-00A0C91BC942}") = "LuaLib", "LuaLib\LuaLib.vcxproj", "{FB62FDDD-3D4B-4526-9522-65987978DCDE}"
EndProject
Project("{8BC9CEB8-8B4A-11D0-8D11-00A0C91BC942}") = "OcctLab", "OcctLab\OcctLab.vcxproj", "{CC06F5C5-5C67-423D-9535-C3B15898602F}"
	ProjectSection(ProjectDependencies) = postProject
		{88B8CA2E-E2ED-451C-B085-F3720FC5A83A} = {88B8CA2E-E2ED-451C-B085-F3720FC5A83A}
		{D452B238-5043-43D7-A3B2-183120604D76} = {D452B238-5043-43D7-A3B2-183120604D76}
		{BF0FF449-C782-4A52-9255-68436BD610A9} = {BF0FF449-C782-4A52-9255-68436BD610A9}
		{EF7ED1A4-14A0-4EC8-AE6F-FE016B3ED315} = {EF7ED1A4-14A0-4EC8-AE6F-FE016B3ED315}
		{FB62FDDD-3D4B-4526-9522-65987978DCDE} = {FB62FDDD-3D4B-4526-9522-65987978DCDE}
		{9B1FF6E0-9854-424D-8F7A-26ACBD50C054} = {9B1FF6E0-9854-424D-8F7A-26ACBD50C054}
		{1A74BFE6-BACC-4E82-83C6-D2E756636C69} = {1A74BFE6-BACC-4E82-83C6-D2E756636C69}
		{52F3E7EA-8FA8-462F-A1BD-98F612BB528A} = {52F3E7EA-8FA8-462F-A1BD-98F612BB528A}
		{493090ED-7ACF-4969-8D15-BBDF412D74E1} = {493090ED-7ACF-4969-8D15-BBDF412D74E1}
		{F2AA5BF9-4F77-424A-9453-6C1131ED313C} = {F2AA5BF9-4F77-424A-9453-6C1131ED313C}
	EndProjectSection
EndProject
Project("{8BC9CEB8-8B4A-11D0-8D11-00A0C91BC942}") = "QxToolPlugin", "QxToolPlugin\QxToolPlugin.vcxproj", "{52F3E7EA-8FA8-462F-A1BD-98F612BB528A}"
	ProjectSection(ProjectDependencies) = postProject
		{D452B238-5043-43D7-A3B2-183120604D76} = {D452B238-5043-43D7-A3B2-183120604D76}
		{9B1FF6E0-9854-424D-8F7A-26ACBD50C054} = {9B1FF6E0-9854-424D-8F7A-26ACBD50C054}
		{F2AA5BF9-4F77-424A-9453-6C1131ED313C} = {F2AA5BF9-4F77-424A-9453-6C1131ED313C}
	EndProjectSection
EndProject
Project("{8BC9CEB8-8B4A-11D0-8D11-00A0C91BC942}") = "QxCurvePlugin", "QxCurvePlugin\QxCurvePlugin.vcxproj", "{BF0FF449-C782-4A52-9255-68436BD610A9}"
	ProjectSection(ProjectDependencies) = postProject
		{D452B238-5043-43D7-A3B2-183120604D76} = {D452B238-5043-43D7-A3B2-183120604D76}
		{9B1FF6E0-9854-424D-8F7A-26ACBD50C054} = {9B1FF6E0-9854-424D-8F7A-26ACBD50C054}
		{F2AA5BF9-4F77-424A-9453-6C1131ED313C} = {F2AA5BF9-4F77-424A-9453-6C1131ED313C}
	EndProjectSection
EndProject
Project("{8BC9CEB8-8B4A-11D0-8D11-00A0C91BC942}") = "QxSolidPlugin", "QxSolidPlugin\QxSolidPlugin.vcxproj", "{1A74BFE6-BACC-4E82-83C6-D2E756636C69}"
	ProjectSection(ProjectDependencies) = postProject
		{D452B238-5043-43D7-A3B2-183120604D76} = {D452B238-5043-43D7-A3B2-183120604D76}
		{EF7ED1A4-14A0-4EC8-AE6F-FE016B3ED315} = {EF7ED1A4-14A0-4EC8-AE6F-FE016B3ED315}
		{9B1FF6E0-9854-424D-8F7A-26ACBD50C054} = {9B1FF6E0-9854-424D-8F7A-26ACBD50C054}
		{F2AA5BF9-4F77-424A-9453-6C1131ED313C} = {F2AA5BF9-4F77-424A-9453-6C1131ED313C}
	EndProjectSection
EndProject
Project("{8BC9CEB8-8B4A-11D0-8D11-00A0C91BC942}") = "QxSurfPlugin", "QxSurfPlugin\QxSurfPlugin.vcxproj", "{88B8CA2E-E2ED-451C-B085-F3720FC5A83A}"
	ProjectSection(ProjectDependencies) = postProject
		{D452B238-5043-43D7-A3B2-183120604D76} = {D452B238-5043-43D7-A3B2-183120604D76}
		{9B1FF6E0-9854-424D-8F7A-26ACBD50C054} = {9B1FF6E0-9854-424D-8F7A-26ACBD50C054}
		{F2AA5BF9-4F77-424A-9453-6C1131ED313C} = {F2AA5BF9-4F77-424A-9453-6C1131ED313C}
	EndProjectSection
EndProject
Project("{8BC9CEB8-8B4A-11D0-8D11-00A0C91BC942}") = "QxBaseLib", "QxBaseLib\QxBaseLib.vcxproj", "{F2AA5BF9-4F77-424A-9453-6C1131ED313C}"
EndProject
Project("{8BC9CEB8-8B4A-11D0-8D11-00A0C91BC942}") = "QxModelLib", "QxModelLib\QxModelLib.vcxproj", "{D452B238-5043-43D7-A3B2-183120604D76}"
	ProjectSection(ProjectDependencies) = postProject
		{F2AA5BF9-4F77-424A-9453-6C1131ED313C} = {F2AA5BF9-4F77-424A-9453-6C1131ED313C}
	EndProjectSection
EndProject
Project("{8BC9CEB8-8B4A-11D0-8D11-00A0C91BC942}") = "QxSysLib", "QxSysLib\QxSysLib.vcxproj", "{9B1FF6E0-9854-424D-8F7A-26ACBD50C054}"
	ProjectSection(ProjectDependencies) = postProject
		{D452B238-5043-43D7-A3B2-183120604D76} = {D452B238-5043-43D7-A3B2-183120604D76}
		{F2AA5BF9-4F77-424A-9453-6C1131ED313C} = {F2AA5BF9-4F77-424A-9453-6C1131ED313C}
	EndProjectSection
EndProject
Project("{8BC9CEB8-8B4A-11D0-8D11-00A0C91BC942}") = "QxDataExchg", "QxDataExchg\QxDataExchg.vcxproj", "{EF7ED1A4-14A0-4EC8-AE6F-FE016B3ED315}"
	ProjectSection(ProjectDependencies) = postProject
		{D452B238-5043-43D7-A3B2-183120604D76} = {D452B238-5043-43D7-A3B2-183120604D76}
		{F2AA5BF9-4F77-424A-9453-6C1131ED313C} = {F2AA5BF9-4F77-424A-9453-6C1131ED313C}
	EndProjectSection
EndProject
Project("{8BC9CEB8-8B4A-11D0-8D11-00A0C91BC942}") = "QxLuaScript", "QxLuaScript\QxLuaScript.vcxproj", "{493090ED-7ACF-4969-8D15-BBDF412D74E1}"
	ProjectSection(ProjectDependencies) = postProject
		{D452B238-5043-43D7-A3B2-183120604D76} = {D452B238-5043-43D7-A3B2-183120604D76}
		{FB62FDDD-3D4B-4526-9522-65987978DCDE} = {FB62FDDD-3D4B-4526-9522-65987978DCDE}
		{9B1FF6E0-9854-424D-8F7A-26ACBD50C054} = {9B1FF6E0-9854-424D-8F7A-26ACBD50C054}
		{F2AA5BF9-4F77-424A-9453-6C1131ED313C} = {F2AA5BF9-4F77-424A-9453-6C1131ED313C}
	EndProjectSection
EndProject
Global
	GlobalSection(SolutionConfigurationPlatforms) = preSolution
		Debug|Mixed Platforms = Debug|Mixed Platforms
		Debug|Win32 = Debug|Win32
		Debug|x64 = Debug|x64
		Release|Mixed Platforms = Release|Mixed Platforms
		Release|Win32 = Release|Win32
		Release|x64 = Release|x64
		Template|Mixed Platforms = Template|Mixed Platforms
		Template|Win32 = Template|Win32
		Template|x64 = Template|x64
	EndGlobalSection
	GlobalSection(ProjectConfigurationPlatforms) = postSolution
		{FB62FDDD-3D4B-4526-9522-65987978DCDE}.Debug|Mixed Platforms.ActiveCfg = Debug|Win32
		{FB62FDDD-3D4B-4526-9522-65987978DCDE}.Debug|Mixed Platforms.Build.0 = Debug|Win32
		{FB62FDDD-3D4B-4526-9522-65987978DCDE}.Debug|Win32.ActiveCfg = Debug|Win32
		{FB62FDDD-3D4B-4526-9522-65987978DCDE}.Debug|Win32.Build.0 = Debug|Win32
		{FB62FDDD-3D4B-4526-9522-65987978DCDE}.Debug|x64.ActiveCfg = Debug|x64
		{FB62FDDD-3D4B-4526-9522-65987978DCDE}.Debug|x64.Build.0 = Debug|x64
		{FB62FDDD-3D4B-4526-9522-65987978DCDE}.Release|Mixed Platforms.ActiveCfg = Release|Win32
		{FB62FDDD-3D4B-4526-9522-65987978DCDE}.Release|Mixed Platforms.Build.0 = Release|Win32
		{FB62FDDD-3D4B-4526-9522-65987978DCDE}.Release|Win32.ActiveCfg = Release|Win32
		{FB62FDDD-3D4B-4526-9522-65987978DCDE}.Release|Win32.Build.0 = Release|Win32
		{FB62FDDD-3D4B-4526-9522-65987978DCDE}.Release|x64.ActiveCfg = Release|x64
		{FB62FDDD-3D4B-4526-9522-65987978DCDE}.Release|x64.Build.0 = Release|x64
		{FB62FDDD-3D4B-4526-9522-65987978DCDE}.Template|Mixed Platforms.ActiveCfg = Release|Win32
		{FB62FDDD-3D4B-4526-9522-65987978DCDE}.Template|Mixed Platforms.Build.0 = Release|Win32
		{FB62FDDD-3D4B-4526-9522-65987978DCDE}.Template|Win32.ActiveCfg = Release|Win32
		{FB62FDDD-3D4B-4526-9522-65987978DCDE}.Template|Win32.Build.0 = Release|Win32
		{FB62FDDD-3D4B-4526-9522-65987978DCDE}.Template|x64.ActiveCfg = Release|x64
		{FB62FDDD-3D4B-4526-9522-65987978DCDE}.Template|x64.Build.0 = Release|x64
		{CC06F5C5-5C67-423D-9535-C3B15898602F}.Debug|Mixed Platforms.ActiveCfg = Debug|Win32
		{CC06F5C5-5C67-423D-9535-C3B15898602F}.Debug|Mixed Platforms.Build.0 = Debug|Win32
		{CC06F5C5-5C67-423D-9535-C3B15898602F}.Debug|Win32.ActiveCfg = Debug|Win32
		{CC06F5C5-5C67-423D-9535-C3B15898602F}.Debug|Win32.Build.0 = Debug|Win32
		{CC06F5C5-5C67-423D-9535-C3B15898602F}.Debug|x64.ActiveCfg = Debug|x64
		{CC06F5C5-5C67-423D-9535-C3B15898602F}.Debug|x64.Build.0 = Debug|x64
		{CC06F5C5-5C67-423D-9535-C3B15898602F}.Release|Mixed Platforms.ActiveCfg = Release|Win32
		{CC06F5C5-5C67-423D-9535-C3B15898602F}.Release|Mixed Platforms.Build.0 = Release|Win32
		{CC06F5C5-5C67-423D-9535-C3B15898602F}.Release|Win32.ActiveCfg = Release|Win32
		{CC06F5C5-5C67-423D-9535-C3B15898602F}.Release|Win32.Build.0 = Release|Win32
		{CC06F5C5-5C67-423D-9535-C3B15898602F}.Release|x64.ActiveCfg = Release|x64
		{CC06F5C5-5C67-423D-9535-C3B15898602F}.Release|x64.Build.0 = Release|x64
		{CC06F5C5-5C67-423D-9535-C3B15898602F}.Template|Mixed Platforms.ActiveCfg = Template|Win32
		{CC06F5C5-5C67-423D-9535-C3B15898602F}.Template|Mixed Platforms.Build.0 = Template|Win32
		{CC06F5C5-5C67-423D-9535-C3B15898602F}.Template|Win32.ActiveCfg = Template|Win32
		{CC06F5C5-5C67-423D-9535-C3B15898602F}.Template|Win32.Build.0 = Template|Win32
		{CC06F5C5-5C67-423D-9535-C3B15898602F}.Template|x64.ActiveCfg = Template|x64
		{CC06F5C5-5C67-423D-9535-C3B15898602F}.Template|x64.Build.0 = Template|x64
		{52F3E7EA-8FA8-462F-A1BD-98F612BB528A}.Debug|Mixed Platforms.ActiveCfg = Debug|Win32
		{52F3E7EA-8FA8-462F-A1BD-98F612BB528A}.Debug|Mixed Platforms.Build.0 = Debug|Win32
		{52F3E7EA-8FA8-462F-A1BD-98F612BB528A}.Debug|Win32.ActiveCfg = Debug|Win32
		{52F3E7EA-8FA8-462F-A1BD-98F612BB528A}.Debug|Win32.Build.0 = Debug|Win32
		{52F3E7EA-8FA8-462F-A1BD-98F612BB528A}.Debug|x64.ActiveCfg = Debug|x64
		{52F3E7EA-8FA8-462F-A1BD-98F612BB528A}.Debug|x64.Build.0 = Debug|x64
		{52F3E7EA-8FA8-462F-A1BD-98F612BB528A}.Release|Mixed Platforms.ActiveCfg = Release|Win32
		{52F3E7EA-8FA8-462F-A1BD-98F612BB528A}.Release|Mixed Platforms.Build.0 = Release|Win32
		{52F3E7EA-8FA8-462F-A1BD-98F612BB528A}.Release|Win32.ActiveCfg = Release|Win32
		{52F3E7EA-8FA8-462F-A1BD-98F612BB528A}.Release|Win32.Build.0 = Release|Win32
		{52F3E7EA-8FA8-462F-A1BD-98F612BB528A}.Release|x64.ActiveCfg = Release|x64
		{52F3E7EA-8FA8-462F-A1BD-98F612BB528A}.Release|x64.Build.0 = Release|x64
		{52F3E7EA-8FA8-462F-A1BD-98F612BB528A}.Template|Mixed Platforms.ActiveCfg = Release|Win32
		{52F3E7EA-8FA8-462F-A1BD-98F612BB528A}.Template|Mixed Platforms.Build.0 = Release|Win32
		{52F3E7EA-8FA8-462F-A1BD-98F612BB528A}.Template|Win32.ActiveCfg = Release|Win32
		{52F3E7EA-8FA8-462F-A1BD-98F612BB528A}.Template|Win32.Build.0 = Release|Win32
		{52F3E7EA-8FA8-462F-A1BD-98F612BB528A}.Template|x64.ActiveCfg = Release|Win32
		{BF0FF449-C782-4A52-9255-68436BD610A9}.Debug|Mixed Platforms.ActiveCfg = Debug|Win32
		{BF0FF449-C782-4A52-9255-68436BD610A9}.Debug|Mixed Platforms.Build.0 = Debug|Win32
		{BF0FF449-C782-4A52-9255-68436BD610A9}.Debug|Win32.ActiveCfg = Debug|Win32
		{BF0FF449-C782-4A52-9255-68436BD610A9}.Debug|Win32.Build.0 = Debug|Win32
		{BF0FF449-C782-4A52-9255-68436BD610A9}.Debug|x64.ActiveCfg = Debug|x64
		{BF0FF449-C782-4A52-9255-68436BD610A9}.Debug|x64.Build.0 = Debug|x64
		{BF0FF449-C782-4A52-9255-68436BD610A9}.Release|Mixed Platforms.ActiveCfg = Release|Win32
		{BF0FF449-C782-4A52-9255-68436BD610A9}.Release|Mixed Platforms.Build.0 = Release|Win32
		{BF0FF449-C782-4A52-9255-68436BD610A9}.Release|Win32.ActiveCfg = Release|Win32
		{BF0FF449-C782-4A52-9255-68436BD610A9}.Release|Win32.Build.0 = Release|Win32
		{BF0FF449-C782-4A52-9255-68436BD610A9}.Release|x64.ActiveCfg = Release|x64
		{BF0FF449-C782-4A52-9255-68436BD610A9}.Release|x64.Build.0 = Release|x64
		{BF0FF449-C782-4A52-9255-68436BD610A9}.Template|Mixed Platforms.ActiveCfg = Release|Win32
		{BF0FF449-C782-4A52-9255-68436BD610A9}.Template|Mixed Platforms.Build.0 = Release|Win32
		{BF0FF449-C782-4A52-9255-68436BD610A9}.Template|Win32.ActiveCfg = Release|Win32
		{BF0FF449-C782-4A52-9255-68436BD610A9}.Template|Win32.Build.0 = Release|Win32
		{BF0FF449-C782-4A52-9255-68436BD610A9}.Template|x64.ActiveCfg = Release|Win32
		{1A74BFE6-BACC-4E82-83C6-D2E756636C69}.Debug|Mixed Platforms.ActiveCfg = Debug|Win32
		{1A74BFE6-BACC-4E82-83C6-D2E756636C69}.Debug|Mixed Platforms.Build.0 = Debug|Win32
		{1A74BFE6-BACC-4E82-83C6-D2E756636C69}.Debug|Win32.ActiveCfg = Debug|Win32
		{1A74BFE6-BACC-4E82-83C6-D2E756636C69}.Debug|Win32.Build.0 = Debug|Win32
		{1A74BFE6-BACC-4E82-83C6-D2E756636C69}.Debug|x64.ActiveCfg = Debug|x64
		{1A74BFE6-BACC-4E82-83C6-D2E756636C69}.Debug|x64.Build.0 = Debug|x64
		{1A74BFE6-BACC-4E82-83C6-D2E756636C69}.Release|Mixed Platforms.ActiveCfg = Release|Win32
		{1A74BFE6-BACC-4E82-83C6-D2E756636C69}.Release|Mixed Platforms.Build.0 = Release|Win32
		{1A74BFE6-BACC-4E82-83C6-D2E756636C69}.Release|Win32.ActiveCfg = Release|Win32
		{1A74BFE6-BACC-4E82-83C6-D2E756636C69}.Release|Win32.Build.0 = Release|Win32
		{1A74BFE6-BACC-4E82-83C6-D2E756636C69}.Release|x64.ActiveCfg = Release|x64
		{1A74BFE6-BACC-4E82-83C6-D2E756636C69}.Release|x64.Build.0 = Release|x64
		{1A74BFE6-BACC-4E82-83C6-D2E756636C69}.Template|Mixed Platforms.ActiveCfg = Release|Win32
		{1A74BFE6-BACC-4E82-83C6-D2E756636C69}.Template|Mixed Platforms.Build.0 = Release|Win32
		{1A74BFE6-BACC-4E82-83C6-D2E756636C69}.Template|Win32.ActiveCfg = Release|Win32
		{1A74BFE6-BACC-4E82-83C6-D2E756636C69}.Template|Win32.Build.0 = Release|Win32
		{1A74BFE6-BACC-4E82-83C6-D2E756636C69}.Template|x64.ActiveCfg = Release|Win32
		{88B8CA2E-E2ED-451C-B085-F3720FC5A83A}.Debug|Mixed Platforms.ActiveCfg = Debug|Win32
		{88B8CA2E-E2ED-451C-B085-F3720FC5A83A}.Debug|Mixed Platforms.Build.0 = Debug|Win32
		{88B8CA2E-E2ED-451C-B085-F3720FC5A83A}.Debug|Win32.ActiveCfg = Debug|Win32
		{88B8CA2E-E2ED-451C-B085-F3720FC5A83A}.Debug|Win32.Build.0 = Debug|Win32
		{88B8CA2E-E2ED-451C-B085-F3720FC5A83A}.Debug|x64.ActiveCfg = Debug|x64
		{88B8CA2E-E2ED-451C-B085-F3720FC5A83A}.Debug|x64.Build.0 = Debug|x64
		{88B8CA2E-E2ED-451C-B085-F3720FC5A83A}.Release|Mixed Platforms.ActiveCfg = Release|Win32
		{88B8CA2E-E2ED-451C-B085-F3720FC5A83A}.Release|Mixed Platforms.Build.0 = Release|Win32
		{88B8CA2E-E2ED-451C-B085-F3720FC5A83A}.Release|Win32.ActiveCfg = Release|Win32
		{88B8CA2E-E2ED-451C-B085-F3720FC5A83A}.Release|Win32.Build.0 = Release|Win32
		{88B8CA2E-E2ED-451C-B085-F3720FC5A83A}.Release|x64.ActiveCfg = Release|x64
		{88B8CA2E-E2ED-451C-B085-F3720FC5A83A}.Release|x64.Build.0 = Release|x64
		{88B8CA2E-E2ED-451C-B085-F3720FC5A83A}.Template|Mixed Platforms.ActiveCfg = Release|Win32
		{88B8CA2E-E2ED-451C-B085-F3720FC5A83A}.Template|Mixed Platforms.Build.0 = Release|Win32
		{88B8CA2E-E2ED-451C-B085-F3720FC5A83A}.Template|Win32.ActiveCfg = Release|Win32
		{88B8CA2E-E2ED-451C-B085-F3720FC5A83A}.Template|Win32.Build.0 = Release|Win32
		{88B8CA2E-E2ED-451C-B085-F3720FC5A83A}.Template|x64.ActiveCfg = Release|Win32
		{F2AA5BF9-4F77-424A-9453-6C1131ED313C}.Debug|Mixed Platforms.ActiveCfg = Debug|Win32
		{F2AA5BF9-4F77-424A-9453-6C1131ED313C}.Debug|Mixed Platforms.Build.0 = Debug|Win32
		{F2AA5BF9-4F77-424A-9453-6C1131ED313C}.Debug|Win32.ActiveCfg = Debug|Win32
		{F2AA5BF9-4F77-424A-9453-6C1131ED313C}.Debug|Win32.Build.0 = Debug|Win32
		{F2AA5BF9-4F77-424A-9453-6C1131ED313C}.Debug|x64.ActiveCfg = Debug|x64
		{F2AA5BF9-4F77-424A-9453-6C1131ED313C}.Debug|x64.Build.0 = Debug|x64
		{F2AA5BF9-4F77-424A-9453-6C1131ED313C}.Release|Mixed Platforms.ActiveCfg = Release|Win32
		{F2AA5BF9-4F77-424A-9453-6C1131ED313C}.Release|Mixed Platforms.Build.0 = Release|Win32
		{F2AA5BF9-4F77-424A-9453-6C1131ED313C}.Release|Win32.ActiveCfg = Release|Win32
		{F2AA5BF9-4F77-424A-9453-6C1131ED313C}.Release|Win32.Build.0 = Release|Win32
		{F2AA5BF9-4F77-424A-9453-6C1131ED313C}.Release|x64.ActiveCfg = Release|x64
		{F2AA5BF9-4F77-424A-9453-6C1131ED313C}.Release|x64.Build.0 = Release|x64
		{F2AA5BF9-4F77-424A-9453-6C1131ED313C}.Template|Mixed Platforms.ActiveCfg = Release|Win32
		{F2AA5BF9-4F77-424A-9453-6C1131ED313C}.Template|Mixed Platforms.Build.0 = Release|Win32
		{F2AA5BF9-4F77-424A-9453-6C1131ED313C}.Template|Win32.ActiveCfg = Release|Win32
		{F2AA5BF9-4F77-424A-9453-6C1131ED313C}.Template|Win32.Build.0 = Release|Win32
		{F2AA5BF9-4F77-424A-9453-6C1131ED313C}.Template|x64.ActiveCfg = Release|Win32
		{D452B238-5043-43D7-A3B2-183120604D76}.Debug|Mixed Platforms.ActiveCfg = Debug|Win32
		{D452B238-5043-43D7-A3B2-183120604D76}.Debug|Mixed Platforms.Build.0 = Debug|Win32
		{D452B238-5043-43D7-A3B2-183120604D76}.Debug|Win32.ActiveCfg = Debug|Win32
		{D452B238-5043-43D7-A3B2-183120604D76}.Debug|Win32.Build.0 = Debug|Win32
		{D452B238-5043-43D7-A3B2-183120604D76}.Debug|x64.ActiveCfg = Debug|x64
		{D452B238-5043-43D7-A3B2-183120604D76}.Debug|x64.Build.0 = Debug|x64
		{D452B238-5043-43D7-A3B2-183120604D76}.Release|Mixed Platforms.ActiveCfg = Release|Win32
		{D452B238-5043-43D7-A3B2-183120604D76}.Release|Mixed Platforms.Build.0 = Release|Win32
		{D452B238-5043-43D7-A3B2-183120604D76}.Release|Win32.ActiveCfg = Release|Win32
		{D452B238-5043-43D7-A3B2-183120604D76}.Release|Win32.Build.0 = Release|Win32
		{D452B238-5043-43D7-A3B2-183120604D76}.Release|x64.ActiveCfg = Release|x64
		{D452B238-5043-43D7-A3B2-183120604D76}.Release|x64.Build.0 = Release|x64
		{D452B238-5043-43D7-A3B2-183120604D76}.Template|Mixed Platforms.ActiveCfg = Release|Win32
		{D452B238-5043-43D7-A3B2-183120604D76}.Template|Mixed Platforms.Build.0 = Release|Win32
		{D452B238-5043-43D7-A3B2-183120604D76}.Template|Win32.ActiveCfg = Release|Win32
		{D452B238-5043-43D7-A3B2-183120604D76}.Template|Win32.Build.0 = Release|Win32
		{D452B238-5043-43D7-A3B2-183120604D76}.Template|x64.ActiveCfg = Release|Win32
		{9B1FF6E0-9854-424D-8F7A-26ACBD50C054}.Debug|Mixed Platforms.ActiveCfg = Debug|Win32
		{9B1FF6E0-9854-424D-8F7A-26ACBD50C054}.Debug|Mixed Platforms.Build.0 = Debug|Win32
		{9B1FF6E0-9854-424D-8F7A-26ACBD50C054}.Debug|Win32.ActiveCfg = Debug|Win32
		{9B1FF6E0-9854-424D-8F7A-26ACBD50C054}.Debug|Win32.Build.0 = Debug|Win32
		{9B1FF6E0-9854-424D-8F7A-26ACBD50C054}.Debug|x64.ActiveCfg = Debug|x64
		{9B1FF6E0-9854-424D-8F7A-26ACBD50C054}.Debug|x64.Build.0 = Debug|x64
		{9B1FF6E0-9854-424D-8F7A-26ACBD50C054}.Release|Mixed Platforms.ActiveCfg = Release|Win32
		{9B1FF6E0-9854-424D-8F7A-26ACBD50C054}.Release|Mixed Platforms.Build.0 = Release|Win32
		{9B1FF6E0-9854-424D-8F7A-26ACBD50C054}.Release|Win32.ActiveCfg = Release|Win32
		{9B1FF6E0-9854-424D-8F7A-26ACBD50C054}.Release|Win32.Build.0 = Release|Win32
		{9B1FF6E0-9854-424D-8F7A-26ACBD50C054}.Release|x64.ActiveCfg = Release|x64
		{9B1FF6E0-9854-424D-8F7A-26ACBD50C054}.Release|x64.Build.0 = Release|x64
		{9B1FF6E0-9854-424D-8F7A-26ACBD50C054}.Template|Mixed Platforms.ActiveCfg = Release|Win32
		{9B1FF6E0-9854-424D-8F7A-26ACBD50C054}.Template|Mixed Platforms.Build.0 = Release|Win32
		{9B1FF6E0-9854-424D-8F7A-26ACBD50C054}.Template|Win32.ActiveCfg = Release|Win32
		{9B1FF6E0-9854-424D-8F7A-26ACBD50C054}.Template|Win32.Build.0 = Release|Win32
		{9B1FF6E0-9854-424D-8F7A-26ACBD50C054}.Template|x64.ActiveCfg = Release|Win32
		{EF7ED1A4-14A0-4EC8-AE6F-FE016B3ED315}.Debug|Mixed Platforms.ActiveCfg = Debug|Win32
		{EF7ED1A4-14A0-4EC8-AE6F-FE016B3ED315}.Debug|Mixed Platforms.Build.0 = Debug|Win32
		{EF7ED1A4-14A0-4EC8-AE6F-FE016B3ED315}.Debug|Win32.ActiveCfg = Debug|Win32
		{EF7ED1A4-14A0-4EC8-AE6F-FE016B3ED315}.Debug|Win32.Build.0 = Debug|Win32
		{EF7ED1A4-14A0-4EC8-AE6F-FE016B3ED315}.Debug|x64.ActiveCfg = Debug|x64
		{EF7ED1A4-14A0-4EC8-AE6F-FE016B3ED315}.Debug|x64.Build.0 = Debug|x64
		{EF7ED1A4-14A0-4EC8-AE6F-FE016B3ED315}.Release|Mixed Platforms.ActiveCfg = Release|Win32
		{EF7ED1A4-14A0-4EC8-AE6F-FE016B3ED315}.Release|Mixed Platforms.Build.0 = Release|Win32
		{EF7ED1A4-14A0-4EC8-AE6F-FE016B3ED315}.Release|Win32.ActiveCfg = Release|Win32
		{EF7ED1A4-14A0-4EC8-AE6F-FE016B3ED315}.Release|Win32.Build.0 = Release|Win32
		{EF7ED1A4-14A0-4EC8-AE6F-FE016B3ED315}.Release|x64.ActiveCfg = Release|x64
		{EF7ED1A4-14A0-4EC8-AE6F-FE016B3ED315}.Release|x64.Build.0 = Release|x64
		{EF7ED1A4-14A0-4EC8-AE6F-FE016B3ED315}.Template|Mixed Platforms.ActiveCfg = Release|Win32
		{EF7ED1A4-14A0-4EC8-AE6F-FE016B3ED315}.Template|Mixed Platforms.Build.0 = Release|Win32
		{EF7ED1A4-14A0-4EC8-AE6F-FE016B3ED315}.Template|Win32.ActiveCfg = Release|Win32
		{EF7ED1A4-14A0-4EC8-AE6F-FE016B3ED315}.Template|Win32.Build.0 = Release|Win32
		{EF7ED1A4-14A0-4EC8-AE6F-FE016B3ED315}.Template|x64.ActiveCfg = Release|Win32
		{493090ED-7ACF-4969-8D15-BBDF412D74E1}.Debug|Mixed Platforms.ActiveCfg = Debug|Win32
		{493090ED-7ACF-4969-8D15-BBDF412D74E1}.Debug|Mixed Platforms.Build.0 = Debug|Win32
		{493090ED-7ACF-4969-8D15-BBDF412D74E1}.Debug|Win32.ActiveCfg = Debug|Win32
		{493090ED-7ACF-4969-8D15-BBDF412D74E1}.Debug|Win32.Build.0 = Debug|Win32
		{493090ED-7ACF-4969-8D15-BBDF412D74E1}.Debug|x64.ActiveCfg = Debug|x64
		{493090ED-7ACF-4969-8D15-BBDF412D74E1}.Debug|x64.Build.0 = Debug|x64
		{493090ED-7ACF-4969-8D15-BBDF412D74E1}.Release|Mixed Platforms.ActiveCfg = Release|Win32
		{493090ED-7ACF-4969-8D15-BBDF412D74E1}.Release|Mixed Platforms.Build.0 = Release|Win32
		{493090ED-7ACF-4969-8D15-BBDF412D74E1}.Release|Win32.ActiveCfg = Release|Win32
		{493090ED-7ACF-4969-8D15-BBDF412D74E1}.Release|Win32.Build.0 = Release|Win32
		{493090ED-7ACF-4969-8D15-BBDF412D74E1}.Release|x64.ActiveCfg = Release|x64
		{493090ED-7ACF-4969-8D15-BBDF412D74E1}.Release|x64.Build.0 = Release|x64
		{493090ED-7ACF-4969-8D15-BBDF412D74E1}.Template|Mixed Platforms.ActiveCfg = Release|Win32
		{493090ED-7ACF-4969-8D15-BBDF412D74E1}.Template|Mixed Platforms.Build.0 = Release|Win32
		{493090ED-7ACF-4969-8D15-BBDF412D74E1}.Template|Win32.ActiveCfg = Release|Win32
		{493090ED-7ACF-4969-8D15-BBDF412D74E1}.Template|Win32.Build.0 = Release|Win32
		{493090ED-7ACF-4969-8D15-BBDF412D74E1}.Template|x64.ActiveCfg = Release|Win32
	EndGlobalSection
	GlobalSection(SolutionProperties) = preSolution
		HideSolutionNode = FALSE
	EndGlobalSection
	GlobalSection(ExtensibilityGlobals) = postSolution
		SolutionGuid = {211B7691-DDBD-4988-AB78-F09DB34089AC}
	EndGlobalSection
EndGlobal
