<?xml version="1.0" encoding="utf-8"?>
<Project ToolsVersion="4.0" xmlns="http://schemas.microsoft.com/developer/msbuild/2003">
  <ItemGroup>
    <Filter Include="源文件">
      <UniqueIdentifier>{4FC737F1-C7A5-4376-A066-2A32D752A2FF}</UniqueIdentifier>
      <Extensions>cpp;c;cc;cxx;def;odl;idl;hpj;bat;asm;asmx</Extensions>
    </Filter>
    <Filter Include="头文件">
      <UniqueIdentifier>{93995380-89BD-4b04-88EB-625FBE52EBFB}</UniqueIdentifier>
      <Extensions>h;hpp;hxx;hm;inl;inc;xsd</Extensions>
    </Filter>
    <Filter Include="资源文件">
      <UniqueIdentifier>{67DA6AB6-F800-4c08-8B7A-83BB121AAD01}</UniqueIdentifier>
      <Extensions>rc;ico;cur;bmp;dlg;rc2;rct;bin;rgs;gif;jpg;jpeg;jpe;resx;tiff;tif;png;wav;mfcribbon-ms</Extensions>
    </Filter>
    <Filter Include="Dialogs">
      <UniqueIdentifier>{234e8805-fc79-4726-b6ae-cd0cfd81484c}</UniqueIdentifier>
    </Filter>
    <Filter Include="Script">
      <UniqueIdentifier>{ab06b948-d773-425d-ab8f-695429e497ac}</UniqueIdentifier>
    </Filter>
  </ItemGroup>
  <ItemGroup>
    <Text Include="ReadMe.txt" />
  </ItemGroup>
  <ItemGroup>
    <ClCompile Include="stdafx.cpp">
      <Filter>源文件</Filter>
    </ClCompile>
    <ClCompile Include="QxLuaScriptApp.cpp">
      <Filter>源文件</Filter>
    </ClCompile>
    <ClCompile Include="Dialogs\LuaScriptDlg.cpp">
      <Filter>Dialogs</Filter>
    </ClCompile>
    <ClCompile Include="Script\sciModelLib.cpp">
      <Filter>Script</Filter>
    </ClCompile>
    <ClCompile Include="Script\sciTopolLib.cpp">
      <Filter>Script</Filter>
    </ClCompile>
    <ClCompile Include="Script\QxLuaState.cpp">
      <Filter>Script</Filter>
    </ClCompile>
    <ClCompile Include="Script\QxLuaScript.cpp">
      <Filter>Script</Filter>
    </ClCompile>
  </ItemGroup>
  <ItemGroup>
    <ClInclude Include="stdafx.h">
      <Filter>头文件</Filter>
    </ClInclude>
    <ClInclude Include="targetver.h">
      <Filter>头文件</Filter>
    </ClInclude>
    <ClInclude Include="Resource.h">
      <Filter>头文件</Filter>
    </ClInclude>
    <ClInclude Include="QxLuaScriptApp.h">
      <Filter>头文件</Filter>
    </ClInclude>
    <ClInclude Include="Dialogs\LuaScriptDlg.h">
      <Filter>Dialogs</Filter>
    </ClInclude>
    <ClInclude Include="Script\sciModelLib.h">
      <Filter>Script</Filter>
    </ClInclude>
    <ClInclude Include="Script\sciTopolLib.h">
      <Filter>Script</Filter>
    </ClInclude>
    <ClInclude Include="include\QxLuaScript.h">
      <Filter>头文件</Filter>
    </ClInclude>
    <ClInclude Include="include\QxLuaState.h">
      <Filter>头文件</Filter>
    </ClInclude>
  </ItemGroup>
  <ItemGroup>
    <None Include="QxLuaScript.def">
      <Filter>源文件</Filter>
    </None>
    <None Include="res\QxLuaScript.rc2">
      <Filter>资源文件</Filter>
    </None>
  </ItemGroup>
  <ItemGroup>
    <ResourceCompile Include="QxLuaScript.rc">
      <Filter>资源文件</Filter>
    </ResourceCompile>
  </ItemGroup>
</Project>