<?xml version="1.0" encoding="utf-8"?>
<Project ToolsVersion="4.0" xmlns="http://schemas.microsoft.com/developer/msbuild/2003">
  <ItemGroup>
    <Filter Include="源文件">
      <UniqueIdentifier>{4FC737F1-C7A5-4376-A066-2A32D752A2FF}</UniqueIdentifier>
      <Extensions>cpp;c;cc;cxx;def;odl;idl;hpj;bat;asm;asmx</Extensions>
    </Filter>
    <Filter Include="头文件">
      <UniqueIdentifier>{93995380-89BD-4b04-88EB-625FBE52EBFB}</UniqueIdentifier>
      <Extensions>h;hpp;hxx;hm;inl;inc;xsd</Extensions>
    </Filter>
    <Filter Include="资源文件">
      <UniqueIdentifier>{67DA6AB6-F800-4c08-8B7A-83BB121AAD01}</UniqueIdentifier>
      <Extensions>rc;ico;cur;bmp;dlg;rc2;rct;bin;rgs;gif;jpg;jpeg;jpe;resx;tiff;tif;png;wav;mfcribbon-ms</Extensions>
    </Filter>
    <Filter Include="源文件\Dialogs">
      <UniqueIdentifier>{3ac83e27-39d1-4bed-92ec-86859b47e032}</UniqueIdentifier>
    </Filter>
    <Filter Include="zlib">
      <UniqueIdentifier>{77541ae2-5cad-484d-8e40-7ca346b73ad2}</UniqueIdentifier>
    </Filter>
  </ItemGroup>
  <ItemGroup>
    <Text Include="ReadMe.txt" />
  </ItemGroup>
  <ItemGroup>
    <ClCompile Include="stdafx.cpp">
      <Filter>源文件</Filter>
    </ClCompile>
    <ClCompile Include="QxModelLibApp.cpp">
      <Filter>源文件</Filter>
    </ClCompile>
    <ClCompile Include="source\Dialogs\kuiLayersDialog.cpp">
      <Filter>源文件\Dialogs</Filter>
    </ClCompile>
    <ClCompile Include="zlib\adler32.c">
      <Filter>zlib</Filter>
    </ClCompile>
    <ClCompile Include="zlib\compress.c">
      <Filter>zlib</Filter>
    </ClCompile>
    <ClCompile Include="zlib\crc32.c">
      <Filter>zlib</Filter>
    </ClCompile>
    <ClCompile Include="zlib\deflate.c">
      <Filter>zlib</Filter>
    </ClCompile>
    <ClCompile Include="zlib\gzclose.c">
      <Filter>zlib</Filter>
    </ClCompile>
    <ClCompile Include="zlib\gzlib.c">
      <Filter>zlib</Filter>
    </ClCompile>
    <ClCompile Include="zlib\gzread.c">
      <Filter>zlib</Filter>
    </ClCompile>
    <ClCompile Include="zlib\gzwrite.c">
      <Filter>zlib</Filter>
    </ClCompile>
    <ClCompile Include="zlib\infback.c">
      <Filter>zlib</Filter>
    </ClCompile>
    <ClCompile Include="zlib\inffast.c">
      <Filter>zlib</Filter>
    </ClCompile>
    <ClCompile Include="zlib\inflate.c">
      <Filter>zlib</Filter>
    </ClCompile>
    <ClCompile Include="zlib\inftrees.c">
      <Filter>zlib</Filter>
    </ClCompile>
    <ClCompile Include="zlib\trees.c">
      <Filter>zlib</Filter>
    </ClCompile>
    <ClCompile Include="zlib\uncompr.c">
      <Filter>zlib</Filter>
    </ClCompile>
    <ClCompile Include="zlib\zutil.c">
      <Filter>zlib</Filter>
    </ClCompile>
    <ClCompile Include="source\AIS_EntityShape.cpp">
      <Filter>源文件</Filter>
    </ClCompile>
    <ClCompile Include="source\kcBasePlane.cpp">
      <Filter>源文件</Filter>
    </ClCompile>
    <ClCompile Include="source\kcEntity.cpp">
      <Filter>源文件</Filter>
    </ClCompile>
    <ClCompile Include="source\kcEntity2.cpp">
      <Filter>源文件</Filter>
    </ClCompile>
    <ClCompile Include="source\kcEntityFactory.cpp">
      <Filter>源文件</Filter>
    </ClCompile>
    <ClCompile Include="source\kcEntityTrsf.cpp">
      <Filter>源文件</Filter>
    </ClCompile>
    <ClCompile Include="source\kcHandleMgr.cpp">
      <Filter>源文件</Filter>
    </ClCompile>
    <ClCompile Include="source\kcLayer.cpp">
      <Filter>源文件</Filter>
    </ClCompile>
    <ClCompile Include="source\kcModel.cpp">
      <Filter>源文件</Filter>
    </ClCompile>
    <ClCompile Include="source\kcModel2.cpp">
      <Filter>源文件</Filter>
    </ClCompile>
    <ClCompile Include="source\kcShapeAttrib.cpp">
      <Filter>源文件</Filter>
    </ClCompile>
    <ClCompile Include="source\kcShapeAttribMgr.cpp">
      <Filter>源文件</Filter>
    </ClCompile>
    <ClCompile Include="source\kcSnapMngr.cpp">
      <Filter>源文件</Filter>
    </ClCompile>
    <ClCompile Include="source\kiSelSet.cpp">
      <Filter>源文件</Filter>
    </ClCompile>
    <ClCompile Include="source\kiSnapMngr.cpp">
      <Filter>源文件</Filter>
    </ClCompile>
    <ClCompile Include="source\kiUndoMgr.cpp">
      <Filter>源文件</Filter>
    </ClCompile>
    <ClCompile Include="source\kvCoordSystem.cpp">
      <Filter>源文件</Filter>
    </ClCompile>
    <ClCompile Include="source\kvCoordSystemMgr.cpp">
      <Filter>源文件</Filter>
    </ClCompile>
    <ClCompile Include="source\kvGrid.cpp">
      <Filter>源文件</Filter>
    </ClCompile>
    <ClCompile Include="source\QxStgBlock.cpp">
      <Filter>源文件</Filter>
    </ClCompile>
    <ClCompile Include="source\AIS_Curve.cpp">
      <Filter>源文件</Filter>
    </ClCompile>
  </ItemGroup>
  <ItemGroup>
    <ClInclude Include="targetver.h">
      <Filter>头文件</Filter>
    </ClInclude>
    <ClInclude Include="Resource.h">
      <Filter>头文件</Filter>
    </ClInclude>
    <ClInclude Include="QxModelLibApp.h">
      <Filter>头文件</Filter>
    </ClInclude>
    <ClInclude Include="include\AIS_EntityShape.h">
      <Filter>头文件</Filter>
    </ClInclude>
    <ClInclude Include="include\kcBasePlane.h">
      <Filter>头文件</Filter>
    </ClInclude>
    <ClInclude Include="include\kcEntity.h">
      <Filter>头文件</Filter>
    </ClInclude>
    <ClInclude Include="include\kcEntityFactory.h">
      <Filter>头文件</Filter>
    </ClInclude>
    <ClInclude Include="include\kcEntityTrsf.h">
      <Filter>头文件</Filter>
    </ClInclude>
    <ClInclude Include="include\kcHandleMgr.h">
      <Filter>头文件</Filter>
    </ClInclude>
    <ClInclude Include="include\kcLayer.h">
      <Filter>头文件</Filter>
    </ClInclude>
    <ClInclude Include="include\kcModel.h">
      <Filter>头文件</Filter>
    </ClInclude>
    <ClInclude Include="include\kcShapeAttrib.h">
      <Filter>头文件</Filter>
    </ClInclude>
    <ClInclude Include="include\kcShapeAttribMgr.h">
      <Filter>头文件</Filter>
    </ClInclude>
    <ClInclude Include="include\kcSnapMngr.h">
      <Filter>头文件</Filter>
    </ClInclude>
    <ClInclude Include="include\kiSelSet.h">
      <Filter>头文件</Filter>
    </ClInclude>
    <ClInclude Include="include\kiSnapMngr.h">
      <Filter>头文件</Filter>
    </ClInclude>
    <ClInclude Include="include\kiUndoMgr.h">
      <Filter>头文件</Filter>
    </ClInclude>
    <ClInclude Include="include\kuiInterface.h">
      <Filter>头文件</Filter>
    </ClInclude>
    <ClInclude Include="include\kuiLayersDialog.h">
      <Filter>头文件</Filter>
    </ClInclude>
    <ClInclude Include="include\kvCoordSystem.h">
      <Filter>头文件</Filter>
    </ClInclude>
    <ClInclude Include="include\kvCoordSystemMgr.h">
      <Filter>头文件</Filter>
    </ClInclude>
    <ClInclude Include="include\kvGrid.h">
      <Filter>头文件</Filter>
    </ClInclude>
    <ClInclude Include="include\OxModel.h">
      <Filter>头文件</Filter>
    </ClInclude>
    <ClInclude Include="include\stdafx.h">
      <Filter>头文件</Filter>
    </ClInclude>
    <ClInclude Include="zlib\crc32.h">
      <Filter>zlib</Filter>
    </ClInclude>
    <ClInclude Include="zlib\deflate.h">
      <Filter>zlib</Filter>
    </ClInclude>
    <ClInclude Include="zlib\gzguts.h">
      <Filter>zlib</Filter>
    </ClInclude>
    <ClInclude Include="zlib\inffast.h">
      <Filter>zlib</Filter>
    </ClInclude>
    <ClInclude Include="zlib\inffixed.h">
      <Filter>zlib</Filter>
    </ClInclude>
    <ClInclude Include="zlib\inflate.h">
      <Filter>zlib</Filter>
    </ClInclude>
    <ClInclude Include="zlib\inftrees.h">
      <Filter>zlib</Filter>
    </ClInclude>
    <ClInclude Include="zlib\trees.h">
      <Filter>zlib</Filter>
    </ClInclude>
    <ClInclude Include="zlib\zconf.h">
      <Filter>zlib</Filter>
    </ClInclude>
    <ClInclude Include="zlib\zlib.h">
      <Filter>zlib</Filter>
    </ClInclude>
    <ClInclude Include="zlib\zutil.h">
      <Filter>zlib</Filter>
    </ClInclude>
    <ClInclude Include="include\QxStgBlock.h">
      <Filter>头文件</Filter>
    </ClInclude>
    <ClInclude Include="include\QxStgModelDef.h">
      <Filter>头文件</Filter>
    </ClInclude>
    <ClInclude Include="source\AIS_Curve.h">
      <Filter>源文件</Filter>
    </ClInclude>
    <ClInclude Include="include\QxModelLib.h">
      <Filter>头文件</Filter>
    </ClInclude>
  </ItemGroup>
  <ItemGroup>
    <None Include="QxModelLib.def">
      <Filter>源文件</Filter>
    </None>
    <None Include="res\QxModelLib.rc2">
      <Filter>资源文件</Filter>
    </None>
  </ItemGroup>
  <ItemGroup>
    <ResourceCompile Include="QxModelLib.rc">
      <Filter>资源文件</Filter>
    </ResourceCompile>
  </ItemGroup>
</Project>